{
  "name": "Futurize",
  "lockfileVersion": 3,
  "requires": true,
  "packages": {
    "": {
      "dependencies": {
        "immer": "^10.0.3"
      }
    },
    "node_modules/immer": {
      "version": "10.0.3",
      "resolved": "https://registry.npmjs.org/immer/-/immer-10.0.3.tgz",
      "integrity": "sha512-pwupu3eWfouuaowscykeckFmVTpqbzW+rXFCX8rQLkZzM9ftBmU/++Ra+o+L27mz03zJTlyV4UUr+fdKNffo4A==",
      "funding": {
        "type": "opencollective",
        "url": "https://opencollective.com/immer"
      }
    }
  }
}
